
Microsoft Visual Studio Solution File, Format Version 12.00
# Visual Studio 2012
Project("{FAE04EC0-301F-11D3-BF4B-00C04F79EFBC}") = "GraphApp.Xamarin", "GraphApp.Xamarin\GraphApp.Xamarin.csproj", "{0EEE57D1-ED55-4E70-B5CD-86F04243775D}"
EndProject
Global
	GlobalSection(SolutionConfigurationPlatforms) = preSolution
		Debug|Any CPU = Debug|Any CPU
		Release|Any CPU = Release|Any CPU
	EndGlobalSection
	GlobalSection(ProjectConfigurationPlatforms) = postSolution
		{0EEE57D1-ED55-4E70-B5CD-86F04243775D}.Debug|Any CPU.ActiveCfg = Debug|Any CPU
		{0EEE57D1-ED55-4E70-B5CD-86F04243775D}.Debug|Any CPU.Build.0 = Debug|Any CPU
		{0EEE57D1-ED55-4E70-B5CD-86F04243775D}.Release|Any CPU.ActiveCfg = Release|Any CPU
		{0EEE57D1-ED55-4E70-B5CD-86F04243775D}.Release|Any CPU.Build.0 = Release|Any CPU
	EndGlobalSection
EndGlobal
